
Microsoft Visual Studio Solution File, Format Version 12.00
# Visual Studio Version 17
VisualStudioVersion = 17.7.34018.315
MinimumVisualStudioVersion = 10.0.40219.1
Project("{FAE04EC0-301F-11D3-BF4B-00C04F79EFBC}") = "SmartApp", "SmartApp\SmartApp.csproj", "{5573D1CC-83DF-4830-AEAC-6FF6870B9AE1}"
EndProject
Project("{FAE04EC0-301F-11D3-BF4B-00C04F79EFBC}") = "DataAccess", "DataAccess\DataAccess.csproj", "{61E107AE-DE06-46C0-9D5D-E1F6F8E20671}"
EndProject
Global
	GlobalSection(SolutionConfigurationPlatforms) = preSolution
		Debug|Any CPU = Debug|Any CPU
		Release|Any CPU = Release|Any CPU
	EndGlobalSection
	GlobalSection(ProjectConfigurationPlatforms) = postSolution
		{5573D1CC-83DF-4830-AEAC-6FF6870B9AE1}.Debug|Any CPU.ActiveCfg = Debug|Any CPU
		{5573D1CC-83DF-4830-AEAC-6FF6870B9AE1}.Debug|Any CPU.Build.0 = Debug|Any CPU
		{5573D1CC-83DF-4830-AEAC-6FF6870B9AE1}.Debug|Any CPU.Deploy.0 = Debug|Any CPU
		{5573D1CC-83DF-4830-AEAC-6FF6870B9AE1}.Release|Any CPU.ActiveCfg = Release|Any CPU
		{5573D1CC-83DF-4830-AEAC-6FF6870B9AE1}.Release|Any CPU.Build.0 = Release|Any CPU
		{5573D1CC-83DF-4830-AEAC-6FF6870B9AE1}.Release|Any CPU.Deploy.0 = Release|Any CPU
		{61E107AE-DE06-46C0-9D5D-E1F6F8E20671}.Debug|Any CPU.ActiveCfg = Debug|Any CPU
		{61E107AE-DE06-46C0-9D5D-E1F6F8E20671}.Debug|Any CPU.Build.0 = Debug|Any CPU
		{61E107AE-DE06-46C0-9D5D-E1F6F8E20671}.Release|Any CPU.ActiveCfg = Release|Any CPU
		{61E107AE-DE06-46C0-9D5D-E1F6F8E20671}.Release|Any CPU.Build.0 = Release|Any CPU
	EndGlobalSection
	GlobalSection(SolutionProperties) = preSolution
		HideSolutionNode = FALSE
	EndGlobalSection
	GlobalSection(ExtensibilityGlobals) = postSolution
		SolutionGuid = {CA8DF05B-D3C5-4B26-AD61-5CA1E82C16B1}
	EndGlobalSection
EndGlobal
